
Microsoft Visual Studio Solution File, Format Version 9.00
# Visual Studio 2005
Project("{FAE04EC0-301F-11D3-BF4B-00C04F79EFBC}") = "Dapple", "Dapple\Dapple.csproj", "{585D62EE-A32B-48CF-9677-2ECA07B298FE}"
EndProject
Project("{FAE04EC0-301F-11D3-BF4B-00C04F79EFBC}") = "AltovaGen", "AltovaGen\AltovaGen.csproj", "{02816A2C-2B27-4782-A163-6AD58B5BF6F5}"
EndProject
Project("{FAE04EC0-301F-11D3-BF4B-00C04F79EFBC}") = "dapxmlclient", "dapxmlclient\dapxmlclient.csproj", "{9AAC9C17-33E3-4DBF-8F50-2EBFD678FC80}"
EndProject
Project("{FAE04EC0-301F-11D3-BF4B-00C04F79EFBC}") = "PluginSDK", "PluginSDK\PluginSDK.csproj", "{30178337-6BBE-45A0-B7DF-73B2A46F06EE}"
EndProject
Project("{FAE04EC0-301F-11D3-BF4B-00C04F79EFBC}") = "Utilities", "Utilities\Utilities.csproj", "{19E069AA-4993-4CA3-8F80-CCB76E96E3ED}"
EndProject
Project("{FAE04EC0-301F-11D3-BF4B-00C04F79EFBC}") = "WorldWind", "WorldWind\WorldWind.csproj", "{394E6BC1-62F8-4776-9FC5-25633A239433}"
EndProject
Project("{FAE04EC0-301F-11D3-BF4B-00C04F79EFBC}") = "WebDownload", "WebDownload\WebDownload.csproj", "{3B2110D8-D29C-4057-8192-2BFB39A56D54}"
EndProject
Project("{FAE04EC0-301F-11D3-BF4B-00C04F79EFBC}") = "Mapack", "Mapack\Mapack.csproj", "{A5E82574-F090-4A9A-ABAB-A77B296DF530}"
EndProject
Project("{FAE04EC0-301F-11D3-BF4B-00C04F79EFBC}") = "MessageBoxExLib", "MessageBoxExLib\MessageBoxExLib.csproj", "{4847D05C-EB58-49D9-B280-D22F8FF01857}"
EndProject
Project("{FAE04EC0-301F-11D3-BF4B-00C04F79EFBC}") = "Collab", "Collab\Collab.csproj", "{B86848BD-12A5-44F9-8464-DB387C64D9A6}"
EndProject
Project("{FAE04EC0-301F-11D3-BF4B-00C04F79EFBC}") = "JhuaplWorldWind", "JhuaplWorldWind\JhuaplWorldWind.csproj", "{0BFE5EF3-9A5A-441A-918F-E763070ECE46}"
EndProject
Project("{FAE04EC0-301F-11D3-BF4B-00C04F79EFBC}") = "WorldWindow", "WorldWindow\WorldWindow.csproj", "{4C575E6F-27B6-4397-87C8-008742DF0E2D}"
EndProject
Global
	GlobalSection(SolutionConfigurationPlatforms) = preSolution
		Debug|x86 = Debug|x86
		Release|x86 = Release|x86
	EndGlobalSection
	GlobalSection(ProjectConfigurationPlatforms) = postSolution
		{585D62EE-A32B-48CF-9677-2ECA07B298FE}.Debug|x86.ActiveCfg = Debug|x86
		{585D62EE-A32B-48CF-9677-2ECA07B298FE}.Debug|x86.Build.0 = Debug|x86
		{585D62EE-A32B-48CF-9677-2ECA07B298FE}.Release|x86.ActiveCfg = Release|x86
		{585D62EE-A32B-48CF-9677-2ECA07B298FE}.Release|x86.Build.0 = Release|x86
		{02816A2C-2B27-4782-A163-6AD58B5BF6F5}.Debug|x86.ActiveCfg = Debug|x86
		{02816A2C-2B27-4782-A163-6AD58B5BF6F5}.Debug|x86.Build.0 = Debug|x86
		{02816A2C-2B27-4782-A163-6AD58B5BF6F5}.Release|x86.ActiveCfg = Release|x86
		{02816A2C-2B27-4782-A163-6AD58B5BF6F5}.Release|x86.Build.0 = Release|x86
		{9AAC9C17-33E3-4DBF-8F50-2EBFD678FC80}.Debug|x86.ActiveCfg = Debug|x86
		{9AAC9C17-33E3-4DBF-8F50-2EBFD678FC80}.Debug|x86.Build.0 = Debug|x86
		{9AAC9C17-33E3-4DBF-8F50-2EBFD678FC80}.Release|x86.ActiveCfg = Release|x86
		{9AAC9C17-33E3-4DBF-8F50-2EBFD678FC80}.Release|x86.Build.0 = Release|x86
		{30178337-6BBE-45A0-B7DF-73B2A46F06EE}.Debug|x86.ActiveCfg = Debug|x86
		{30178337-6BBE-45A0-B7DF-73B2A46F06EE}.Debug|x86.Build.0 = Debug|x86
		{30178337-6BBE-45A0-B7DF-73B2A46F06EE}.Release|x86.ActiveCfg = Release|x86
		{30178337-6BBE-45A0-B7DF-73B2A46F06EE}.Release|x86.Build.0 = Release|x86
		{19E069AA-4993-4CA3-8F80-CCB76E96E3ED}.Debug|x86.ActiveCfg = Debug|x86
		{19E069AA-4993-4CA3-8F80-CCB76E96E3ED}.Debug|x86.Build.0 = Debug|x86
		{19E069AA-4993-4CA3-8F80-CCB76E96E3ED}.Release|x86.ActiveCfg = Release|x86
		{19E069AA-4993-4CA3-8F80-CCB76E96E3ED}.Release|x86.Build.0 = Release|x86
		{394E6BC1-62F8-4776-9FC5-25633A239433}.Debug|x86.ActiveCfg = Debug|x86
		{394E6BC1-62F8-4776-9FC5-25633A239433}.Debug|x86.Build.0 = Debug|x86
		{394E6BC1-62F8-4776-9FC5-25633A239433}.Release|x86.ActiveCfg = Release|x86
		{394E6BC1-62F8-4776-9FC5-25633A239433}.Release|x86.Build.0 = Release|x86
		{3B2110D8-D29C-4057-8192-2BFB39A56D54}.Debug|x86.ActiveCfg = Debug|x86
		{3B2110D8-D29C-4057-8192-2BFB39A56D54}.Debug|x86.Build.0 = Debug|x86
		{3B2110D8-D29C-4057-8192-2BFB39A56D54}.Release|x86.ActiveCfg = Release|x86
		{3B2110D8-D29C-4057-8192-2BFB39A56D54}.Release|x86.Build.0 = Release|x86
		{A5E82574-F090-4A9A-ABAB-A77B296DF530}.Debug|x86.ActiveCfg = Debug|x86
		{A5E82574-F090-4A9A-ABAB-A77B296DF530}.Debug|x86.Build.0 = Debug|x86
		{A5E82574-F090-4A9A-ABAB-A77B296DF530}.Release|x86.ActiveCfg = Release|x86
		{A5E82574-F090-4A9A-ABAB-A77B296DF530}.Release|x86.Build.0 = Release|x86
		{4847D05C-EB58-49D9-B280-D22F8FF01857}.Debug|x86.ActiveCfg = Debug|x86
		{4847D05C-EB58-49D9-B280-D22F8FF01857}.Debug|x86.Build.0 = Debug|x86
		{4847D05C-EB58-49D9-B280-D22F8FF01857}.Release|x86.ActiveCfg = Release|x86
		{4847D05C-EB58-49D9-B280-D22F8FF01857}.Release|x86.Build.0 = Release|x86
		{B86848BD-12A5-44F9-8464-DB387C64D9A6}.Debug|x86.ActiveCfg = Debug|x86
		{B86848BD-12A5-44F9-8464-DB387C64D9A6}.Debug|x86.Build.0 = Debug|x86
		{B86848BD-12A5-44F9-8464-DB387C64D9A6}.Release|x86.ActiveCfg = Release|x86
		{B86848BD-12A5-44F9-8464-DB387C64D9A6}.Release|x86.Build.0 = Release|x86
		{0BFE5EF3-9A5A-441A-918F-E763070ECE46}.Debug|x86.ActiveCfg = Debug|x86
		{0BFE5EF3-9A5A-441A-918F-E763070ECE46}.Debug|x86.Build.0 = Debug|x86
		{0BFE5EF3-9A5A-441A-918F-E763070ECE46}.Release|x86.ActiveCfg = Release|x86
		{0BFE5EF3-9A5A-441A-918F-E763070ECE46}.Release|x86.Build.0 = Release|x86
		{4C575E6F-27B6-4397-87C8-008742DF0E2D}.Debug|x86.ActiveCfg = Debug|x86
		{4C575E6F-27B6-4397-87C8-008742DF0E2D}.Debug|x86.Build.0 = Debug|x86
		{4C575E6F-27B6-4397-87C8-008742DF0E2D}.Release|x86.ActiveCfg = Release|x86
		{4C575E6F-27B6-4397-87C8-008742DF0E2D}.Release|x86.Build.0 = Release|x86
	EndGlobalSection
	GlobalSection(SolutionProperties) = preSolution
		HideSolutionNode = FALSE
	EndGlobalSection
EndGlobal
